
Microsoft Visual Studio Solution File, Format Version 12.00
# Visual Studio Version 16
VisualStudioVersion = 25.0.1705.1
MinimumVisualStudioVersion = 10.0.40219.1
Project("{FAE04EC0-301F-11D3-BF4B-00C04F79EFBC}") = "LuminateFinalProject", "LuminateFinalProject\LuminateFinalProject.csproj", "{23FE470B-0EC0-4D7D-9166-CA8F3042560F}"
EndProject
Global
	GlobalSection(SolutionConfigurationPlatforms) = preSolution
		Debug|Any CPU = Debug|Any CPU
		Release|Any CPU = Release|Any CPU
	EndGlobalSection
	GlobalSection(ProjectConfigurationPlatforms) = postSolution
		{23FE470B-0EC0-4D7D-9166-CA8F3042560F}.Debug|Any CPU.ActiveCfg = Debug|Any CPU
		{23FE470B-0EC0-4D7D-9166-CA8F3042560F}.Debug|Any CPU.Build.0 = Debug|Any CPU
		{23FE470B-0EC0-4D7D-9166-CA8F3042560F}.Release|Any CPU.ActiveCfg = Release|Any CPU
		{23FE470B-0EC0-4D7D-9166-CA8F3042560F}.Release|Any CPU.Build.0 = Release|Any CPU
	EndGlobalSection
	GlobalSection(SolutionProperties) = preSolution
		HideSolutionNode = FALSE
	EndGlobalSection
	GlobalSection(ExtensibilityGlobals) = postSolution
		SolutionGuid = {DDC370A2-33E6-4B59-8AE0-3160ED953590}
	EndGlobalSection
EndGlobal
